
Microsoft Visual Studio Solution File, Format Version 12.00
Project("{2150E333-8FDC-42A3-9474-1A3956D46DE8}") = "Session1", "Session1", "{1FCDA11A-2188-45F0-BB8A-029F286E73C8}"
EndProject
Project("{FAE04EC0-301F-11D3-BF4B-00C04F79EFBC}") = "S1_Ex1", "Session1\S1_Ex1\S1_Ex1.csproj", "{FF1710F9-2C42-4B55-87B3-B428923EFD81}"
EndProject
Project("{FAE04EC0-301F-11D3-BF4B-00C04F79EFBC}") = "S1_Ex2", "Session1\S1_Ex2\S1_Ex2.csproj", "{9B3BCCB7-EBCF-4DE5-BAC0-F3EB8ECE57AB}"
EndProject
Project("{2150E333-8FDC-42A3-9474-1A3956D46DE8}") = "Session2", "Session2", "{D3F74C49-9B55-4B7F-83CB-07B910104370}"
EndProject
Project("{FAE04EC0-301F-11D3-BF4B-00C04F79EFBC}") = "S2_Ex1", "Session2\S2_Ex1\S2_Ex1.csproj", "{C4E15887-8FEA-444B-B1CA-128F6A20EC6A}"
EndProject
Project("{FAE04EC0-301F-11D3-BF4B-00C04F79EFBC}") = "S2_Ex2", "Session2\S2_Ex2\S2_Ex2.csproj", "{C3585551-91AA-4394-8AA2-8C5D57119F41}"
EndProject
Project("{FAE04EC0-301F-11D3-BF4B-00C04F79EFBC}") = "S1_Ex3", "Session1\S1_Ex3\S1_Ex3.csproj", "{08B35BB9-33B2-433A-AFAD-3EC5143B8C07}"
EndProject
Project("{FAE04EC0-301F-11D3-BF4B-00C04F79EFBC}") = "S1_Ex4", "Session1\S1_Ex4\S1_Ex4.csproj", "{6EEF1879-087E-43A8-B68A-09E03961C32B}"
EndProject
Project("{FAE04EC0-301F-11D3-BF4B-00C04F79EFBC}") = "S1_Ex5", "Session1\S1_Ex5\S1_Ex5.csproj", "{7C4A2289-71F2-42C6-B272-5551931BAFEA}"
EndProject
Project("{FAE04EC0-301F-11D3-BF4B-00C04F79EFBC}") = "S1_Ex5.1", "Session1\S1_Ex5.1\S1_Ex5.1.csproj", "{1AC80676-4324-41C6-A17A-9A79EA04F3F2}"
EndProject
Project("{FAE04EC0-301F-11D3-BF4B-00C04F79EFBC}") = "S1_Ex5.2", "Session1\S1_Ex5.2\S1_Ex5.2.csproj", "{8F2A06DF-1122-40B2-A7E7-CF4C95D98529}"
EndProject
Project("{FAE04EC0-301F-11D3-BF4B-00C04F79EFBC}") = "S1_Ex5.3", "Session1\S1_Ex5.3\S1_Ex5.3.csproj", "{92F936C1-54FC-4791-A1F2-6F589C9C5F1C}"
EndProject
Project("{FAE04EC0-301F-11D3-BF4B-00C04F79EFBC}") = "S1_Ex6", "Session1\S1_Ex6\S1_Ex6.csproj", "{9524E39B-708A-4C58-8957-D7078717E92A}"
EndProject
Project("{2150E333-8FDC-42A3-9474-1A3956D46DE8}") = "OptionalExercises", "OptionalExercises", "{1CC9A0F4-E88E-4E6F-B588-5726329008C2}"
EndProject
Project("{FAE04EC0-301F-11D3-BF4B-00C04F79EFBC}") = "S1_Ex7", "Session1\OptionalExercises\S1_Ex7\S1_Ex7.csproj", "{A6360190-189F-41B7-806A-D767A9EA5158}"
EndProject
Project("{FAE04EC0-301F-11D3-BF4B-00C04F79EFBC}") = "S1_Ex7.1", "Session1\OptionalExercises\S1_Ex7.1\S1_Ex7.1.csproj", "{B92562C1-7D22-44E5-B3D2-EBCA70EA907D}"
EndProject
Project("{FAE04EC0-301F-11D3-BF4B-00C04F79EFBC}") = "S1_Ex8", "Session1\OptionalExercises\S1_Ex8\S1_Ex8.csproj", "{243E5A70-F48C-434F-B9A2-FA351F2DD0AF}"
EndProject
Project("{FAE04EC0-301F-11D3-BF4B-00C04F79EFBC}") = "S1_Ex9", "Session1\OptionalExercises\S1_Ex9\S1_Ex9.csproj", "{B9A598F4-DDC9-41FA-AFB2-99DB41E13773}"
EndProject
Project("{FAE04EC0-301F-11D3-BF4B-00C04F79EFBC}") = "S1_Ex10", "Session1\OptionalExercises\S1_Ex10\S1_Ex10.csproj", "{A18902D2-73B4-4DEB-A4EC-3F68C3AAF0FA}"
EndProject
Global
	GlobalSection(SolutionConfigurationPlatforms) = preSolution
		Debug|Any CPU = Debug|Any CPU
		Release|Any CPU = Release|Any CPU
	EndGlobalSection
	GlobalSection(NestedProjects) = preSolution
		{FF1710F9-2C42-4B55-87B3-B428923EFD81} = {1FCDA11A-2188-45F0-BB8A-029F286E73C8}
		{9B3BCCB7-EBCF-4DE5-BAC0-F3EB8ECE57AB} = {1FCDA11A-2188-45F0-BB8A-029F286E73C8}
		{C4E15887-8FEA-444B-B1CA-128F6A20EC6A} = {D3F74C49-9B55-4B7F-83CB-07B910104370}
		{C3585551-91AA-4394-8AA2-8C5D57119F41} = {D3F74C49-9B55-4B7F-83CB-07B910104370}
		{08B35BB9-33B2-433A-AFAD-3EC5143B8C07} = {1FCDA11A-2188-45F0-BB8A-029F286E73C8}
		{6EEF1879-087E-43A8-B68A-09E03961C32B} = {1FCDA11A-2188-45F0-BB8A-029F286E73C8}
		{7C4A2289-71F2-42C6-B272-5551931BAFEA} = {1FCDA11A-2188-45F0-BB8A-029F286E73C8}
		{1AC80676-4324-41C6-A17A-9A79EA04F3F2} = {1FCDA11A-2188-45F0-BB8A-029F286E73C8}
		{8F2A06DF-1122-40B2-A7E7-CF4C95D98529} = {1FCDA11A-2188-45F0-BB8A-029F286E73C8}
		{92F936C1-54FC-4791-A1F2-6F589C9C5F1C} = {1FCDA11A-2188-45F0-BB8A-029F286E73C8}
		{9524E39B-708A-4C58-8957-D7078717E92A} = {1FCDA11A-2188-45F0-BB8A-029F286E73C8}
		{1CC9A0F4-E88E-4E6F-B588-5726329008C2} = {1FCDA11A-2188-45F0-BB8A-029F286E73C8}
		{A6360190-189F-41B7-806A-D767A9EA5158} = {1CC9A0F4-E88E-4E6F-B588-5726329008C2}
		{B92562C1-7D22-44E5-B3D2-EBCA70EA907D} = {1CC9A0F4-E88E-4E6F-B588-5726329008C2}
		{243E5A70-F48C-434F-B9A2-FA351F2DD0AF} = {1CC9A0F4-E88E-4E6F-B588-5726329008C2}
		{B9A598F4-DDC9-41FA-AFB2-99DB41E13773} = {1CC9A0F4-E88E-4E6F-B588-5726329008C2}
		{A18902D2-73B4-4DEB-A4EC-3F68C3AAF0FA} = {1CC9A0F4-E88E-4E6F-B588-5726329008C2}
	EndGlobalSection
	GlobalSection(ProjectConfigurationPlatforms) = postSolution
		{FF1710F9-2C42-4B55-87B3-B428923EFD81}.Debug|Any CPU.ActiveCfg = Debug|Any CPU
		{FF1710F9-2C42-4B55-87B3-B428923EFD81}.Debug|Any CPU.Build.0 = Debug|Any CPU
		{FF1710F9-2C42-4B55-87B3-B428923EFD81}.Release|Any CPU.ActiveCfg = Release|Any CPU
		{FF1710F9-2C42-4B55-87B3-B428923EFD81}.Release|Any CPU.Build.0 = Release|Any CPU
		{9B3BCCB7-EBCF-4DE5-BAC0-F3EB8ECE57AB}.Debug|Any CPU.ActiveCfg = Debug|Any CPU
		{9B3BCCB7-EBCF-4DE5-BAC0-F3EB8ECE57AB}.Debug|Any CPU.Build.0 = Debug|Any CPU
		{9B3BCCB7-EBCF-4DE5-BAC0-F3EB8ECE57AB}.Release|Any CPU.ActiveCfg = Release|Any CPU
		{9B3BCCB7-EBCF-4DE5-BAC0-F3EB8ECE57AB}.Release|Any CPU.Build.0 = Release|Any CPU
		{C4E15887-8FEA-444B-B1CA-128F6A20EC6A}.Debug|Any CPU.ActiveCfg = Debug|Any CPU
		{C4E15887-8FEA-444B-B1CA-128F6A20EC6A}.Debug|Any CPU.Build.0 = Debug|Any CPU
		{C4E15887-8FEA-444B-B1CA-128F6A20EC6A}.Release|Any CPU.ActiveCfg = Release|Any CPU
		{C4E15887-8FEA-444B-B1CA-128F6A20EC6A}.Release|Any CPU.Build.0 = Release|Any CPU
		{C3585551-91AA-4394-8AA2-8C5D57119F41}.Debug|Any CPU.ActiveCfg = Debug|Any CPU
		{C3585551-91AA-4394-8AA2-8C5D57119F41}.Debug|Any CPU.Build.0 = Debug|Any CPU
		{C3585551-91AA-4394-8AA2-8C5D57119F41}.Release|Any CPU.ActiveCfg = Release|Any CPU
		{C3585551-91AA-4394-8AA2-8C5D57119F41}.Release|Any CPU.Build.0 = Release|Any CPU
		{08B35BB9-33B2-433A-AFAD-3EC5143B8C07}.Debug|Any CPU.ActiveCfg = Debug|Any CPU
		{08B35BB9-33B2-433A-AFAD-3EC5143B8C07}.Debug|Any CPU.Build.0 = Debug|Any CPU
		{08B35BB9-33B2-433A-AFAD-3EC5143B8C07}.Release|Any CPU.ActiveCfg = Release|Any CPU
		{08B35BB9-33B2-433A-AFAD-3EC5143B8C07}.Release|Any CPU.Build.0 = Release|Any CPU
		{6EEF1879-087E-43A8-B68A-09E03961C32B}.Debug|Any CPU.ActiveCfg = Debug|Any CPU
		{6EEF1879-087E-43A8-B68A-09E03961C32B}.Debug|Any CPU.Build.0 = Debug|Any CPU
		{6EEF1879-087E-43A8-B68A-09E03961C32B}.Release|Any CPU.ActiveCfg = Release|Any CPU
		{6EEF1879-087E-43A8-B68A-09E03961C32B}.Release|Any CPU.Build.0 = Release|Any CPU
		{7C4A2289-71F2-42C6-B272-5551931BAFEA}.Debug|Any CPU.ActiveCfg = Debug|Any CPU
		{7C4A2289-71F2-42C6-B272-5551931BAFEA}.Debug|Any CPU.Build.0 = Debug|Any CPU
		{7C4A2289-71F2-42C6-B272-5551931BAFEA}.Release|Any CPU.ActiveCfg = Release|Any CPU
		{7C4A2289-71F2-42C6-B272-5551931BAFEA}.Release|Any CPU.Build.0 = Release|Any CPU
		{1AC80676-4324-41C6-A17A-9A79EA04F3F2}.Debug|Any CPU.ActiveCfg = Debug|Any CPU
		{1AC80676-4324-41C6-A17A-9A79EA04F3F2}.Debug|Any CPU.Build.0 = Debug|Any CPU
		{1AC80676-4324-41C6-A17A-9A79EA04F3F2}.Release|Any CPU.ActiveCfg = Release|Any CPU
		{1AC80676-4324-41C6-A17A-9A79EA04F3F2}.Release|Any CPU.Build.0 = Release|Any CPU
		{8F2A06DF-1122-40B2-A7E7-CF4C95D98529}.Debug|Any CPU.ActiveCfg = Debug|Any CPU
		{8F2A06DF-1122-40B2-A7E7-CF4C95D98529}.Debug|Any CPU.Build.0 = Debug|Any CPU
		{8F2A06DF-1122-40B2-A7E7-CF4C95D98529}.Release|Any CPU.ActiveCfg = Release|Any CPU
		{8F2A06DF-1122-40B2-A7E7-CF4C95D98529}.Release|Any CPU.Build.0 = Release|Any CPU
		{92F936C1-54FC-4791-A1F2-6F589C9C5F1C}.Debug|Any CPU.ActiveCfg = Debug|Any CPU
		{92F936C1-54FC-4791-A1F2-6F589C9C5F1C}.Debug|Any CPU.Build.0 = Debug|Any CPU
		{92F936C1-54FC-4791-A1F2-6F589C9C5F1C}.Release|Any CPU.ActiveCfg = Release|Any CPU
		{92F936C1-54FC-4791-A1F2-6F589C9C5F1C}.Release|Any CPU.Build.0 = Release|Any CPU
		{9524E39B-708A-4C58-8957-D7078717E92A}.Debug|Any CPU.ActiveCfg = Debug|Any CPU
		{9524E39B-708A-4C58-8957-D7078717E92A}.Debug|Any CPU.Build.0 = Debug|Any CPU
		{9524E39B-708A-4C58-8957-D7078717E92A}.Release|Any CPU.ActiveCfg = Release|Any CPU
		{9524E39B-708A-4C58-8957-D7078717E92A}.Release|Any CPU.Build.0 = Release|Any CPU
		{A6360190-189F-41B7-806A-D767A9EA5158}.Debug|Any CPU.ActiveCfg = Debug|Any CPU
		{A6360190-189F-41B7-806A-D767A9EA5158}.Debug|Any CPU.Build.0 = Debug|Any CPU
		{A6360190-189F-41B7-806A-D767A9EA5158}.Release|Any CPU.ActiveCfg = Release|Any CPU
		{A6360190-189F-41B7-806A-D767A9EA5158}.Release|Any CPU.Build.0 = Release|Any CPU
		{B92562C1-7D22-44E5-B3D2-EBCA70EA907D}.Debug|Any CPU.ActiveCfg = Debug|Any CPU
		{B92562C1-7D22-44E5-B3D2-EBCA70EA907D}.Debug|Any CPU.Build.0 = Debug|Any CPU
		{B92562C1-7D22-44E5-B3D2-EBCA70EA907D}.Release|Any CPU.ActiveCfg = Release|Any CPU
		{B92562C1-7D22-44E5-B3D2-EBCA70EA907D}.Release|Any CPU.Build.0 = Release|Any CPU
		{243E5A70-F48C-434F-B9A2-FA351F2DD0AF}.Debug|Any CPU.ActiveCfg = Debug|Any CPU
		{243E5A70-F48C-434F-B9A2-FA351F2DD0AF}.Debug|Any CPU.Build.0 = Debug|Any CPU
		{243E5A70-F48C-434F-B9A2-FA351F2DD0AF}.Release|Any CPU.ActiveCfg = Release|Any CPU
		{243E5A70-F48C-434F-B9A2-FA351F2DD0AF}.Release|Any CPU.Build.0 = Release|Any CPU
		{B9A598F4-DDC9-41FA-AFB2-99DB41E13773}.Debug|Any CPU.ActiveCfg = Debug|Any CPU
		{B9A598F4-DDC9-41FA-AFB2-99DB41E13773}.Debug|Any CPU.Build.0 = Debug|Any CPU
		{B9A598F4-DDC9-41FA-AFB2-99DB41E13773}.Release|Any CPU.ActiveCfg = Release|Any CPU
		{B9A598F4-DDC9-41FA-AFB2-99DB41E13773}.Release|Any CPU.Build.0 = Release|Any CPU
		{A18902D2-73B4-4DEB-A4EC-3F68C3AAF0FA}.Debug|Any CPU.ActiveCfg = Debug|Any CPU
		{A18902D2-73B4-4DEB-A4EC-3F68C3AAF0FA}.Debug|Any CPU.Build.0 = Debug|Any CPU
		{A18902D2-73B4-4DEB-A4EC-3F68C3AAF0FA}.Release|Any CPU.ActiveCfg = Release|Any CPU
		{A18902D2-73B4-4DEB-A4EC-3F68C3AAF0FA}.Release|Any CPU.Build.0 = Release|Any CPU
	EndGlobalSection
EndGlobal
