
Microsoft Visual Studio Solution File, Format Version 12.00
Project("{2150E333-8FDC-42A3-9474-1A3956D46DE8}") = "Session1", "Session1", "{1FCDA11A-2188-45F0-BB8A-029F286E73C8}"
EndProject
Project("{FAE04EC0-301F-11D3-BF4B-00C04F79EFBC}") = "S1_Ex1", "Session1\S1_Ex1\S1_Ex1.csproj", "{FF1710F9-2C42-4B55-87B3-B428923EFD81}"
EndProject
Project("{FAE04EC0-301F-11D3-BF4B-00C04F79EFBC}") = "S1_Ex2", "Session1\S1_Ex2\S1_Ex2.csproj", "{9B3BCCB7-EBCF-4DE5-BAC0-F3EB8ECE57AB}"
EndProject
Project("{2150E333-8FDC-42A3-9474-1A3956D46DE8}") = "Session2", "Session2", "{D3F74C49-9B55-4B7F-83CB-07B910104370}"
EndProject
Project("{FAE04EC0-301F-11D3-BF4B-00C04F79EFBC}") = "S2_Ex1", "Session2\S2_Ex1\S2_Ex1.csproj", "{C4E15887-8FEA-444B-B1CA-128F6A20EC6A}"
EndProject
Project("{FAE04EC0-301F-11D3-BF4B-00C04F79EFBC}") = "S2_Ex2", "Session2\S2_Ex2\S2_Ex2.csproj", "{C3585551-91AA-4394-8AA2-8C5D57119F41}"
EndProject
Project("{FAE04EC0-301F-11D3-BF4B-00C04F79EFBC}") = "S1_Ex3", "Session1\S1_Ex3\S1_Ex3.csproj", "{08B35BB9-33B2-433A-AFAD-3EC5143B8C07}"
EndProject
Project("{FAE04EC0-301F-11D3-BF4B-00C04F79EFBC}") = "S1_Ex4", "Session1\S1_Ex4\S1_Ex4.csproj", "{6EEF1879-087E-43A8-B68A-09E03961C32B}"
EndProject
Project("{FAE04EC0-301F-11D3-BF4B-00C04F79EFBC}") = "S1_Ex5", "Session1\S1_Ex5\S1_Ex5.csproj", "{7C4A2289-71F2-42C6-B272-5551931BAFEA}"
EndProject
Project("{FAE04EC0-301F-11D3-BF4B-00C04F79EFBC}") = "S1_Ex5.1", "Session1\S1_Ex5.1\S1_Ex5.1.csproj", "{1AC80676-4324-41C6-A17A-9A79EA04F3F2}"
EndProject
Global
	GlobalSection(SolutionConfigurationPlatforms) = preSolution
		Debug|Any CPU = Debug|Any CPU
		Release|Any CPU = Release|Any CPU
	EndGlobalSection
	GlobalSection(NestedProjects) = preSolution
		{FF1710F9-2C42-4B55-87B3-B428923EFD81} = {1FCDA11A-2188-45F0-BB8A-029F286E73C8}
		{9B3BCCB7-EBCF-4DE5-BAC0-F3EB8ECE57AB} = {1FCDA11A-2188-45F0-BB8A-029F286E73C8}
		{C4E15887-8FEA-444B-B1CA-128F6A20EC6A} = {D3F74C49-9B55-4B7F-83CB-07B910104370}
		{C3585551-91AA-4394-8AA2-8C5D57119F41} = {D3F74C49-9B55-4B7F-83CB-07B910104370}
		{08B35BB9-33B2-433A-AFAD-3EC5143B8C07} = {1FCDA11A-2188-45F0-BB8A-029F286E73C8}
		{6EEF1879-087E-43A8-B68A-09E03961C32B} = {1FCDA11A-2188-45F0-BB8A-029F286E73C8}
		{7C4A2289-71F2-42C6-B272-5551931BAFEA} = {1FCDA11A-2188-45F0-BB8A-029F286E73C8}
		{1AC80676-4324-41C6-A17A-9A79EA04F3F2} = {1FCDA11A-2188-45F0-BB8A-029F286E73C8}
	EndGlobalSection
	GlobalSection(ProjectConfigurationPlatforms) = postSolution
		{FF1710F9-2C42-4B55-87B3-B428923EFD81}.Debug|Any CPU.ActiveCfg = Debug|Any CPU
		{FF1710F9-2C42-4B55-87B3-B428923EFD81}.Debug|Any CPU.Build.0 = Debug|Any CPU
		{FF1710F9-2C42-4B55-87B3-B428923EFD81}.Release|Any CPU.ActiveCfg = Release|Any CPU
		{FF1710F9-2C42-4B55-87B3-B428923EFD81}.Release|Any CPU.Build.0 = Release|Any CPU
		{9B3BCCB7-EBCF-4DE5-BAC0-F3EB8ECE57AB}.Debug|Any CPU.ActiveCfg = Debug|Any CPU
		{9B3BCCB7-EBCF-4DE5-BAC0-F3EB8ECE57AB}.Debug|Any CPU.Build.0 = Debug|Any CPU
		{9B3BCCB7-EBCF-4DE5-BAC0-F3EB8ECE57AB}.Release|Any CPU.ActiveCfg = Release|Any CPU
		{9B3BCCB7-EBCF-4DE5-BAC0-F3EB8ECE57AB}.Release|Any CPU.Build.0 = Release|Any CPU
		{C4E15887-8FEA-444B-B1CA-128F6A20EC6A}.Debug|Any CPU.ActiveCfg = Debug|Any CPU
		{C4E15887-8FEA-444B-B1CA-128F6A20EC6A}.Debug|Any CPU.Build.0 = Debug|Any CPU
		{C4E15887-8FEA-444B-B1CA-128F6A20EC6A}.Release|Any CPU.ActiveCfg = Release|Any CPU
		{C4E15887-8FEA-444B-B1CA-128F6A20EC6A}.Release|Any CPU.Build.0 = Release|Any CPU
		{C3585551-91AA-4394-8AA2-8C5D57119F41}.Debug|Any CPU.ActiveCfg = Debug|Any CPU
		{C3585551-91AA-4394-8AA2-8C5D57119F41}.Debug|Any CPU.Build.0 = Debug|Any CPU
		{C3585551-91AA-4394-8AA2-8C5D57119F41}.Release|Any CPU.ActiveCfg = Release|Any CPU
		{C3585551-91AA-4394-8AA2-8C5D57119F41}.Release|Any CPU.Build.0 = Release|Any CPU
		{08B35BB9-33B2-433A-AFAD-3EC5143B8C07}.Debug|Any CPU.ActiveCfg = Debug|Any CPU
		{08B35BB9-33B2-433A-AFAD-3EC5143B8C07}.Debug|Any CPU.Build.0 = Debug|Any CPU
		{08B35BB9-33B2-433A-AFAD-3EC5143B8C07}.Release|Any CPU.ActiveCfg = Release|Any CPU
		{08B35BB9-33B2-433A-AFAD-3EC5143B8C07}.Release|Any CPU.Build.0 = Release|Any CPU
		{6EEF1879-087E-43A8-B68A-09E03961C32B}.Debug|Any CPU.ActiveCfg = Debug|Any CPU
		{6EEF1879-087E-43A8-B68A-09E03961C32B}.Debug|Any CPU.Build.0 = Debug|Any CPU
		{6EEF1879-087E-43A8-B68A-09E03961C32B}.Release|Any CPU.ActiveCfg = Release|Any CPU
		{6EEF1879-087E-43A8-B68A-09E03961C32B}.Release|Any CPU.Build.0 = Release|Any CPU
		{7C4A2289-71F2-42C6-B272-5551931BAFEA}.Debug|Any CPU.ActiveCfg = Debug|Any CPU
		{7C4A2289-71F2-42C6-B272-5551931BAFEA}.Debug|Any CPU.Build.0 = Debug|Any CPU
		{7C4A2289-71F2-42C6-B272-5551931BAFEA}.Release|Any CPU.ActiveCfg = Release|Any CPU
		{7C4A2289-71F2-42C6-B272-5551931BAFEA}.Release|Any CPU.Build.0 = Release|Any CPU
		{1AC80676-4324-41C6-A17A-9A79EA04F3F2}.Debug|Any CPU.ActiveCfg = Debug|Any CPU
		{1AC80676-4324-41C6-A17A-9A79EA04F3F2}.Debug|Any CPU.Build.0 = Debug|Any CPU
		{1AC80676-4324-41C6-A17A-9A79EA04F3F2}.Release|Any CPU.ActiveCfg = Release|Any CPU
		{1AC80676-4324-41C6-A17A-9A79EA04F3F2}.Release|Any CPU.Build.0 = Release|Any CPU
	EndGlobalSection
EndGlobal
